// !$*UTF8*$!
{
	archiveVersion = 1;
	classes = {
	};
	objectVersion = 77;
	objects = {

/* Begin PBXBuildFile section */
		4C4D000000000000000000F3 /* LazyMemoCore in Frameworks */ = {isa = PBXBuildFile; productRef = 4C4D000000000000000000F4 /* LazyMemoCore */; };
		4C4D000000000000000000F5 /* LazyMemoShare.appex in Embed Foundation Extensions */ = {isa = PBXBuildFile; fileRef = 4C4D000000000000000000F2 /* LazyMemoShare.appex */; settings = {ATTRIBUTES = (RemoveHeadersOnCopy, ); }; };
		4C4D000000000000000000C3 /* LazyMemoCore in Frameworks */ = {isa = PBXBuildFile; productRef = 4C4D000000000000000000C2 /* LazyMemoCore */; };
/* End PBXBuildFile section */

/* Begin PBXCopyFilesBuildPhase section */
		4C4D000000000000000000FA /* Embed Foundation Extensions */ = {
			isa = PBXCopyFilesBuildPhase;
			buildActionMask = 2147483647;
			dstPath = "";
			dstSubfolderSpec = 13;
			files = (
				4C4D000000000000000000F5 /* LazyMemoShare.appex in Embed Foundation Extensions */,
			);
			name = "Embed Foundation Extensions";
			runOnlyForDeploymentPostprocessing = 0;
		};
/* End PBXCopyFilesBuildPhase section */

/* Begin PBXFileReference section */
		4C4D000000000000000000A6 /* Info.plist */ = {isa = PBXFileReference; lastKnownFileType = text.plist.xml; path = Info.plist; sourceTree = "<group>"; };
		4C4D000000000000000000A7 /* LazyMemo.entitlements */ = {isa = PBXFileReference; lastKnownFileType = text.plist.entitlements; path = LazyMemo.entitlements; sourceTree = "<group>"; };
		4C4D000000000000000000B2 /* LazyMemo.app */ = {isa = PBXFileReference; explicitFileType = wrapper.application; includeInIndex = 0; path = LazyMemo.app; sourceTree = BUILT_PRODUCTS_DIR; };
		4C4D000000000000000000E2 /* LazyMemoUITests.xctest */ = {isa = PBXFileReference; explicitFileType = wrapper.cfbundle; includeInIndex = 0; path = LazyMemoUITests.xctest; sourceTree = BUILT_PRODUCTS_DIR; };
		4C4D000000000000000000F2 /* LazyMemoShare.appex */ = {isa = PBXFileReference; explicitFileType = "wrapper.app-extension"; includeInIndex = 0; path = LazyMemoShare.appex; sourceTree = BUILT_PRODUCTS_DIR; };
		4C4D000000000000000000F8 /* Share-Info.plist */ = {isa = PBXFileReference; lastKnownFileType = text.plist.xml; path = "Share-Info.plist"; sourceTree = "<group>"; };
		4C4D000000000000000000F9 /* LazyMemoShare.entitlements */ = {isa = PBXFileReference; lastKnownFileType = text.plist.entitlements; path = LazyMemoShare.entitlements; sourceTree = "<group>"; };
/* End PBXFileReference section */

/* Begin PBXFileSystemSynchronizedRootGroup section */
		4C4D000000000000000000A4 /* LazyMemo */ = {
			isa = PBXFileSystemSynchronizedRootGroup;
			path = LazyMemo;
			sourceTree = "<group>";
		};
		4C4D000000000000000000E4 /* LazyMemoUITests */ = {
			isa = PBXFileSystemSynchronizedRootGroup;
			path = LazyMemoUITests;
			sourceTree = "<group>";
		};
		4C4D000000000000000000F1 /* LazyMemoShare */ = {
			isa = PBXFileSystemSynchronizedRootGroup;
			path = LazyMemoShare;
			sourceTree = "<group>";
		};
/* End PBXFileSystemSynchronizedRootGroup section */

/* Begin PBXFrameworksBuildPhase section */
		4C4D000000000000000000F6 /* Frameworks */ = {
			isa = PBXFrameworksBuildPhase;
			buildActionMask = 2147483647;
			files = (
				4C4D000000000000000000F3 /* LazyMemoCore in Frameworks */,
			);
			runOnlyForDeploymentPostprocessing = 0;
		};
		4C4D000000000000000000E6 /* Frameworks */ = {
			isa = PBXFrameworksBuildPhase;
			buildActionMask = 2147483647;
			files = (
			);
			runOnlyForDeploymentPostprocessing = 0;
		};
		4C4D000000000000000000B4 /* Frameworks */ = {
			isa = PBXFrameworksBuildPhase;
			buildActionMask = 2147483647;
			files = (
				4C4D000000000000000000C3 /* LazyMemoCore in Frameworks */,
			);
			runOnlyForDeploymentPostprocessing = 0;
		};
/* End PBXFrameworksBuildPhase section */

/* Begin PBXGroup section */
		4C4D000000000000000000A2 = {
			isa = PBXGroup;
			children = (
				4C4D000000000000000000A4 /* LazyMemo */,
				4C4D000000000000000000E4 /* LazyMemoUITests */,
				4C4D000000000000000000F1 /* LazyMemoShare */,
				4C4D000000000000000000A5 /* Config */,
				4C4D000000000000000000A3 /* Products */,
			);
			sourceTree = "<group>";
		};
		4C4D000000000000000000A3 /* Products */ = {
			isa = PBXGroup;
			children = (
				4C4D000000000000000000B2 /* LazyMemo.app */,
				4C4D000000000000000000E2 /* LazyMemoUITests.xctest */,
				4C4D000000000000000000F2 /* LazyMemoShare.appex */,
			);
			name = Products;
			sourceTree = "<group>";
		};
		4C4D000000000000000000A5 /* Config */ = {
			isa = PBXGroup;
			children = (
				4C4D000000000000000000A6 /* Info.plist */,
				4C4D000000000000000000A7 /* LazyMemo.entitlements */,
				4C4D000000000000000000F8 /* Share-Info.plist */,
				4C4D000000000000000000F9 /* LazyMemoShare.entitlements */,
			);
			path = Config;
			sourceTree = "<group>";
		};
/* End PBXGroup section */

/* Begin PBXNativeTarget section */
		4C4D000000000000000000F0 /* LazyMemoShare */ = {
			isa = PBXNativeTarget;
			buildConfigurationList = 4C4D000000000000000000FC /* Build configuration list for PBXNativeTarget "LazyMemoShare" */;
			buildPhases = (
				4C4D000000000000000000F7 /* Sources */,
				4C4D000000000000000000F6 /* Frameworks */,
				4C4D000000000000000000FD /* Resources */,
			);
			buildRules = (
			);
			dependencies = (
			);
			fileSystemSynchronizedGroups = (
				4C4D000000000000000000F1 /* LazyMemoShare */,
			);
			name = LazyMemoShare;
			packageProductDependencies = (
				4C4D000000000000000000F4 /* LazyMemoCore */,
			);
			productName = LazyMemoShare;
			productReference = 4C4D000000000000000000F2 /* LazyMemoShare.appex */;
			productType = "com.apple.product-type.app-extension";
		};
		4C4D000000000000000000E1 /* LazyMemoUITests */ = {
			isa = PBXNativeTarget;
			buildConfigurationList = 4C4D000000000000000000E9 /* Build configuration list for PBXNativeTarget "LazyMemoUITests" */;
			buildPhases = (
				4C4D000000000000000000E5 /* Sources */,
				4C4D000000000000000000E6 /* Frameworks */,
				4C4D000000000000000000E7 /* Resources */,
			);
			buildRules = (
			);
			dependencies = (
				4C4D000000000000000000E8 /* PBXTargetDependency */,
			);
			fileSystemSynchronizedGroups = (
				4C4D000000000000000000E4 /* LazyMemoUITests */,
			);
			name = LazyMemoUITests;
			packageProductDependencies = (
			);
			productName = LazyMemoUITests;
			productReference = 4C4D000000000000000000E2 /* LazyMemoUITests.xctest */;
			productType = "com.apple.product-type.bundle.ui-testing";
		};
		4C4D000000000000000000B1 /* LazyMemo-iOS */ = {
			isa = PBXNativeTarget;
			buildConfigurationList = 4C4D000000000000000000D4 /* Build configuration list for PBXNativeTarget "LazyMemo-iOS" */;
			buildPhases = (
				4C4D000000000000000000B3 /* Sources */,
				4C4D000000000000000000B4 /* Frameworks */,
				4C4D000000000000000000B5 /* Resources */,
				4C4D000000000000000000FA /* Embed Foundation Extensions */,
			);
			buildRules = (
			);
			dependencies = (
				4C4D000000000000000000FB /* PBXTargetDependency */,
			);
			fileSystemSynchronizedGroups = (
				4C4D000000000000000000A4 /* LazyMemo */,
			);
			name = "LazyMemo-iOS";
			packageProductDependencies = (
				4C4D000000000000000000C2 /* LazyMemoCore */,
			);
			productName = LazyMemo;
			productReference = 4C4D000000000000000000B2 /* LazyMemo.app */;
			productType = "com.apple.product-type.application";
		};
/* End PBXNativeTarget section */

/* Begin PBXProject section */
		4C4D000000000000000000A1 /* Project object */ = {
			isa = PBXProject;
			attributes = {
				BuildIndependentTargetsInParallel = 1;
				LastSwiftUpdateCheck = 2600;
				LastUpgradeCheck = 2600;
				TargetAttributes = {
					4C4D000000000000000000B1 = {
						CreatedOnToolsVersion = 26.0;
					};
					4C4D000000000000000000E1 = {
						CreatedOnToolsVersion = 26.0;
						TestTargetID = 4C4D000000000000000000B1;
					};
					4C4D000000000000000000F0 = {
						CreatedOnToolsVersion = 26.0;
					};
				};
			};
			buildConfigurationList = 4C4D000000000000000000D1 /* Build configuration list for PBXProject "LazyMemo" */;
			developmentRegion = ko;
			hasScannedForEncodings = 0;
			knownRegions = (
				ko,
				en,
				Base,
			);
			mainGroup = 4C4D000000000000000000A2;
			minimizedProjectReferenceProxies = 1;
			packageReferences = (
				4C4D000000000000000000C1 /* XCLocalSwiftPackageReference ".." */,
			);
			preferredProjectObjectVersion = 77;
			productRefGroup = 4C4D000000000000000000A3 /* Products */;
			projectDirPath = "";
			projectRoot = "";
			targets = (
				4C4D000000000000000000B1 /* LazyMemo-iOS */,
				4C4D000000000000000000E1 /* LazyMemoUITests */,
				4C4D000000000000000000F0 /* LazyMemoShare */,
			);
		};
/* End PBXProject section */

/* Begin PBXResourcesBuildPhase section */
		4C4D000000000000000000FD /* Resources */ = {
			isa = PBXResourcesBuildPhase;
			buildActionMask = 2147483647;
			files = (
			);
			runOnlyForDeploymentPostprocessing = 0;
		};
		4C4D000000000000000000E7 /* Resources */ = {
			isa = PBXResourcesBuildPhase;
			buildActionMask = 2147483647;
			files = (
			);
			runOnlyForDeploymentPostprocessing = 0;
		};
		4C4D000000000000000000B5 /* Resources */ = {
			isa = PBXResourcesBuildPhase;
			buildActionMask = 2147483647;
			files = (
			);
			runOnlyForDeploymentPostprocessing = 0;
		};
/* End PBXResourcesBuildPhase section */

/* Begin PBXSourcesBuildPhase section */
		4C4D000000000000000000F7 /* Sources */ = {
			isa = PBXSourcesBuildPhase;
			buildActionMask = 2147483647;
			files = (
			);
			runOnlyForDeploymentPostprocessing = 0;
		};
		4C4D000000000000000000E5 /* Sources */ = {
			isa = PBXSourcesBuildPhase;
			buildActionMask = 2147483647;
			files = (
			);
			runOnlyForDeploymentPostprocessing = 0;
		};
		4C4D000000000000000000B3 /* Sources */ = {
			isa = PBXSourcesBuildPhase;
			buildActionMask = 2147483647;
			files = (
			);
			runOnlyForDeploymentPostprocessing = 0;
		};
/* End PBXSourcesBuildPhase section */

/* Begin PBXContainerItemProxy section */
		4C4D000000000000000000FE /* PBXContainerItemProxy */ = {
			isa = PBXContainerItemProxy;
			containerPortal = 4C4D000000000000000000A1 /* Project object */;
			proxyType = 1;
			remoteGlobalIDString = 4C4D000000000000000000F0;
			remoteInfo = LazyMemoShare;
		};
		4C4D000000000000000000EA /* PBXContainerItemProxy */ = {
			isa = PBXContainerItemProxy;
			containerPortal = 4C4D000000000000000000A1 /* Project object */;
			proxyType = 1;
			remoteGlobalIDString = 4C4D000000000000000000B1;
			remoteInfo = "LazyMemo-iOS";
		};
/* End PBXContainerItemProxy section */

/* Begin PBXTargetDependency section */
		4C4D000000000000000000FB /* PBXTargetDependency */ = {
			isa = PBXTargetDependency;
			target = 4C4D000000000000000000F0 /* LazyMemoShare */;
			targetProxy = 4C4D000000000000000000FE /* PBXContainerItemProxy */;
		};
		4C4D000000000000000000E8 /* PBXTargetDependency */ = {
			isa = PBXTargetDependency;
			target = 4C4D000000000000000000B1 /* LazyMemo-iOS */;
			targetProxy = 4C4D000000000000000000EA /* PBXContainerItemProxy */;
		};
/* End PBXTargetDependency section */

/* Begin XCBuildConfiguration section */
		4C4D000000000000000000D2 /* Debug */ = {
			isa = XCBuildConfiguration;
			buildSettings = {
				ALWAYS_SEARCH_USER_PATHS = NO;
				ASSETCATALOG_COMPILER_GENERATE_SWIFT_ASSET_SYMBOL_EXTENSIONS = YES;
				CLANG_ANALYZER_NONNULL = YES;
				CLANG_ANALYZER_NUMBER_OBJECT_CONVERSION = YES_AGGRESSIVE;
				CLANG_CXX_LANGUAGE_STANDARD = "gnu++20";
				CLANG_ENABLE_MODULES = YES;
				CLANG_ENABLE_OBJC_ARC = YES;
				CLANG_ENABLE_OBJC_WEAK = YES;
				CLANG_WARN_BLOCK_CAPTURE_AUTORELEASING = YES;
				CLANG_WARN_BOOL_CONVERSION = YES;
				CLANG_WARN_COMMA = YES;
				CLANG_WARN_CONSTANT_CONVERSION = YES;
				CLANG_WARN_DEPRECATED_OBJC_IMPLEMENTATIONS = YES;
				CLANG_WARN_DIRECT_OBJC_ISA_USAGE = YES_ERROR;
				CLANG_WARN_DOCUMENTATION_COMMENTS = YES;
				CLANG_WARN_EMPTY_BODY = YES;
				CLANG_WARN_ENUM_CONVERSION = YES;
				CLANG_WARN_INFINITE_RECURSION = YES;
				CLANG_WARN_INT_CONVERSION = YES;
				CLANG_WARN_NON_LITERAL_NULL_CONVERSION = YES;
				CLANG_WARN_OBJC_IMPLICIT_RETAIN_SELF = YES;
				CLANG_WARN_OBJC_LITERAL_CONVERSION = YES;
				CLANG_WARN_OBJC_ROOT_CLASS = YES_ERROR;
				CLANG_WARN_QUOTED_INCLUDE_IN_FRAMEWORK_HEADER = YES;
				CLANG_WARN_RANGE_LOOP_ANALYSIS = YES;
				CLANG_WARN_STRICT_PROTOTYPES = YES;
				CLANG_WARN_SUSPICIOUS_MOVE = YES;
				CLANG_WARN_UNGUARDED_AVAILABILITY = YES_AGGRESSIVE;
				CLANG_WARN_UNREACHABLE_CODE = YES;
				CLANG_WARN__DUPLICATE_METHOD_MATCH = YES;
				COPY_PHASE_STRIP = NO;
				DEBUG_INFORMATION_FORMAT = dwarf;
				ENABLE_STRICT_OBJC_MSGSEND = YES;
				ENABLE_TESTABILITY = YES;
				ENABLE_USER_SCRIPT_SANDBOXING = YES;
				GCC_C_LANGUAGE_STANDARD = gnu17;
				GCC_DYNAMIC_NO_PIC = NO;
				GCC_NO_COMMON_BLOCKS = YES;
				GCC_OPTIMIZATION_LEVEL = 0;
				GCC_PREPROCESSOR_DEFINITIONS = (
					"DEBUG=1",
					"$(inherited)",
				);
				GCC_WARN_64_TO_32_BIT_CONVERSION = YES;
				GCC_WARN_ABOUT_RETURN_TYPE = YES_ERROR;
				GCC_WARN_UNDECLARED_SELECTOR = YES;
				GCC_WARN_UNINITIALIZED_AUTOS = YES_AGGRESSIVE;
				GCC_WARN_UNUSED_FUNCTION = YES;
				GCC_WARN_UNUSED_VARIABLE = YES;
				IPHONEOS_DEPLOYMENT_TARGET = 26.0;
				LOCALIZATION_PREFERS_STRING_CATALOGS = YES;
				MTL_ENABLE_DEBUG_INFO = INCLUDE_SOURCE;
				MTL_FAST_MATH = YES;
				ONLY_ACTIVE_ARCH = YES;
				SDKROOT = iphoneos;
				SWIFT_ACTIVE_COMPILATION_CONDITIONS = "DEBUG $(inherited)";
				SWIFT_APPROACHABLE_CONCURRENCY = YES;
				SWIFT_DEFAULT_ACTOR_ISOLATION = MainActor;
				SWIFT_OPTIMIZATION_LEVEL = "-Onone";
				SWIFT_UPCOMING_FEATURE_MEMBER_IMPORT_VISIBILITY = YES;
				SWIFT_VERSION = 6.0;
			};
			name = Debug;
		};
		4C4D000000000000000000D3 /* Release */ = {
			isa = XCBuildConfiguration;
			buildSettings = {
				ALWAYS_SEARCH_USER_PATHS = NO;
				ASSETCATALOG_COMPILER_GENERATE_SWIFT_ASSET_SYMBOL_EXTENSIONS = YES;
				CLANG_ANALYZER_NONNULL = YES;
				CLANG_ANALYZER_NUMBER_OBJECT_CONVERSION = YES_AGGRESSIVE;
				CLANG_CXX_LANGUAGE_STANDARD = "gnu++20";
				CLANG_ENABLE_MODULES = YES;
				CLANG_ENABLE_OBJC_ARC = YES;
				CLANG_ENABLE_OBJC_WEAK = YES;
				CLANG_WARN_BLOCK_CAPTURE_AUTORELEASING = YES;
				CLANG_WARN_BOOL_CONVERSION = YES;
				CLANG_WARN_COMMA = YES;
				CLANG_WARN_CONSTANT_CONVERSION = YES;
				CLANG_WARN_DEPRECATED_OBJC_IMPLEMENTATIONS = YES;
				CLANG_WARN_DIRECT_OBJC_ISA_USAGE = YES_ERROR;
				CLANG_WARN_DOCUMENTATION_COMMENTS = YES;
				CLANG_WARN_EMPTY_BODY = YES;
				CLANG_WARN_ENUM_CONVERSION = YES;
				CLANG_WARN_INFINITE_RECURSION = YES;
				CLANG_WARN_INT_CONVERSION = YES;
				CLANG_WARN_NON_LITERAL_NULL_CONVERSION = YES;
				CLANG_WARN_OBJC_IMPLICIT_RETAIN_SELF = YES;
				CLANG_WARN_OBJC_LITERAL_CONVERSION = YES;
				CLANG_WARN_OBJC_ROOT_CLASS = YES_ERROR;
				CLANG_WARN_QUOTED_INCLUDE_IN_FRAMEWORK_HEADER = YES;
				CLANG_WARN_RANGE_LOOP_ANALYSIS = YES;
				CLANG_WARN_STRICT_PROTOTYPES = YES;
				CLANG_WARN_SUSPICIOUS_MOVE = YES;
				CLANG_WARN_UNGUARDED_AVAILABILITY = YES_AGGRESSIVE;
				CLANG_WARN_UNREACHABLE_CODE = YES;
				CLANG_WARN__DUPLICATE_METHOD_MATCH = YES;
				COPY_PHASE_STRIP = NO;
				DEBUG_INFORMATION_FORMAT = "dwarf-with-dsym";
				ENABLE_NS_ASSERTIONS = NO;
				ENABLE_STRICT_OBJC_MSGSEND = YES;
				ENABLE_USER_SCRIPT_SANDBOXING = YES;
				GCC_C_LANGUAGE_STANDARD = gnu17;
				GCC_NO_COMMON_BLOCKS = YES;
				GCC_WARN_64_TO_32_BIT_CONVERSION = YES;
				GCC_WARN_ABOUT_RETURN_TYPE = YES_ERROR;
				GCC_WARN_UNDECLARED_SELECTOR = YES;
				GCC_WARN_UNINITIALIZED_AUTOS = YES_AGGRESSIVE;
				GCC_WARN_UNUSED_FUNCTION = YES;
				GCC_WARN_UNUSED_VARIABLE = YES;
				IPHONEOS_DEPLOYMENT_TARGET = 26.0;
				LOCALIZATION_PREFERS_STRING_CATALOGS = YES;
				MTL_ENABLE_DEBUG_INFO = NO;
				MTL_FAST_MATH = YES;
				SDKROOT = iphoneos;
				SWIFT_APPROACHABLE_CONCURRENCY = YES;
				SWIFT_COMPILATION_MODE = wholemodule;
				SWIFT_DEFAULT_ACTOR_ISOLATION = MainActor;
				SWIFT_UPCOMING_FEATURE_MEMBER_IMPORT_VISIBILITY = YES;
				SWIFT_VERSION = 6.0;
				VALIDATE_PRODUCT = YES;
			};
			name = Release;
		};
		4C4D000000000000000000D5 /* Debug */ = {
			isa = XCBuildConfiguration;
			buildSettings = {
				ASSETCATALOG_COMPILER_APPICON_NAME = AppIcon;
				ASSETCATALOG_COMPILER_GLOBAL_ACCENT_COLOR_NAME = AccentColor;
				CODE_SIGN_ENTITLEMENTS = Config/LazyMemo.entitlements;
				CODE_SIGN_STYLE = Automatic;
				CURRENT_PROJECT_VERSION = 1;
				DEVELOPMENT_TEAM = BP57Z7L498;
				ENABLE_PREVIEWS = YES;
				GENERATE_INFOPLIST_FILE = YES;
				INFOPLIST_FILE = Config/Info.plist;
				INFOPLIST_KEY_CFBundleDisplayName = lazymemo;
				INFOPLIST_KEY_NSLocationWhenInUseUsageDescription = "펜의 핀을 누를 때만 지금 있는 자리를 재어 메모에 붙입니다. 위치를 저장하지도 내보내지도 않습니다.";
				INFOPLIST_KEY_UIApplicationSceneManifest_Generation = YES;
				INFOPLIST_KEY_UIApplicationSupportsIndirectInputEvents = YES;
				INFOPLIST_KEY_UILaunchScreen_Generation = YES;
				INFOPLIST_KEY_UISupportedInterfaceOrientations_iPad = "UIInterfaceOrientationPortrait UIInterfaceOrientationPortraitUpsideDown UIInterfaceOrientationLandscapeLeft UIInterfaceOrientationLandscapeRight";
				INFOPLIST_KEY_UISupportedInterfaceOrientations_iPhone = "UIInterfaceOrientationPortrait UIInterfaceOrientationLandscapeLeft UIInterfaceOrientationLandscapeRight";
				LD_RUNPATH_SEARCH_PATHS = (
					"$(inherited)",
					"@executable_path/Frameworks",
				);
				MARKETING_VERSION = 0.1.0;
				PRODUCT_BUNDLE_IDENTIFIER = io.github.bunhine0452.lazymemo;
				PRODUCT_NAME = LazyMemo;
				SWIFT_EMIT_LOC_STRINGS = YES;
				TARGETED_DEVICE_FAMILY = "1,2";
			};
			name = Debug;
		};
		4C4D000000000000000000D6 /* Release */ = {
			isa = XCBuildConfiguration;
			buildSettings = {
				ASSETCATALOG_COMPILER_APPICON_NAME = AppIcon;
				ASSETCATALOG_COMPILER_GLOBAL_ACCENT_COLOR_NAME = AccentColor;
				CODE_SIGN_ENTITLEMENTS = Config/LazyMemo.entitlements;
				CODE_SIGN_STYLE = Automatic;
				CURRENT_PROJECT_VERSION = 1;
				DEVELOPMENT_TEAM = BP57Z7L498;
				ENABLE_PREVIEWS = YES;
				GENERATE_INFOPLIST_FILE = YES;
				INFOPLIST_FILE = Config/Info.plist;
				INFOPLIST_KEY_CFBundleDisplayName = lazymemo;
				INFOPLIST_KEY_NSLocationWhenInUseUsageDescription = "펜의 핀을 누를 때만 지금 있는 자리를 재어 메모에 붙입니다. 위치를 저장하지도 내보내지도 않습니다.";
				INFOPLIST_KEY_UIApplicationSceneManifest_Generation = YES;
				INFOPLIST_KEY_UIApplicationSupportsIndirectInputEvents = YES;
				INFOPLIST_KEY_UILaunchScreen_Generation = YES;
				INFOPLIST_KEY_UISupportedInterfaceOrientations_iPad = "UIInterfaceOrientationPortrait UIInterfaceOrientationPortraitUpsideDown UIInterfaceOrientationLandscapeLeft UIInterfaceOrientationLandscapeRight";
				INFOPLIST_KEY_UISupportedInterfaceOrientations_iPhone = "UIInterfaceOrientationPortrait UIInterfaceOrientationLandscapeLeft UIInterfaceOrientationLandscapeRight";
				LD_RUNPATH_SEARCH_PATHS = (
					"$(inherited)",
					"@executable_path/Frameworks",
				);
				MARKETING_VERSION = 0.1.0;
				PRODUCT_BUNDLE_IDENTIFIER = io.github.bunhine0452.lazymemo;
				PRODUCT_NAME = LazyMemo;
				SWIFT_EMIT_LOC_STRINGS = YES;
				TARGETED_DEVICE_FAMILY = "1,2";
			};
			name = Release;
		};
		4C4D000000000000000000EB /* Debug */ = {
			isa = XCBuildConfiguration;
			buildSettings = {
				CODE_SIGN_STYLE = Automatic;
				CURRENT_PROJECT_VERSION = 1;
				DEVELOPMENT_TEAM = BP57Z7L498;
				GENERATE_INFOPLIST_FILE = YES;
				MARKETING_VERSION = 0.1.0;
				PRODUCT_BUNDLE_IDENTIFIER = io.github.bunhine0452.lazymemo.uitests;
				PRODUCT_NAME = "$(TARGET_NAME)";
				SWIFT_DEFAULT_ACTOR_ISOLATION = nonisolated;
				SWIFT_EMIT_LOC_STRINGS = NO;
				TARGETED_DEVICE_FAMILY = "1,2";
				TEST_TARGET_NAME = "LazyMemo-iOS";
			};
			name = Debug;
		};
		4C4D000000000000000000EC /* Release */ = {
			isa = XCBuildConfiguration;
			buildSettings = {
				CODE_SIGN_STYLE = Automatic;
				CURRENT_PROJECT_VERSION = 1;
				DEVELOPMENT_TEAM = BP57Z7L498;
				GENERATE_INFOPLIST_FILE = YES;
				MARKETING_VERSION = 0.1.0;
				PRODUCT_BUNDLE_IDENTIFIER = io.github.bunhine0452.lazymemo.uitests;
				PRODUCT_NAME = "$(TARGET_NAME)";
				SWIFT_DEFAULT_ACTOR_ISOLATION = nonisolated;
				SWIFT_EMIT_LOC_STRINGS = NO;
				TARGETED_DEVICE_FAMILY = "1,2";
				TEST_TARGET_NAME = "LazyMemo-iOS";
			};
			name = Release;
		};
		4C4D0000000000000000010A /* Debug */ = {
			isa = XCBuildConfiguration;
			buildSettings = {
				CODE_SIGN_ENTITLEMENTS = Config/LazyMemoShare.entitlements;
				CODE_SIGN_STYLE = Automatic;
				CURRENT_PROJECT_VERSION = 1;
				DEVELOPMENT_TEAM = BP57Z7L498;
				GENERATE_INFOPLIST_FILE = YES;
				INFOPLIST_FILE = "Config/Share-Info.plist";
				INFOPLIST_KEY_CFBundleDisplayName = "lazymemo 에 적기";
				LD_RUNPATH_SEARCH_PATHS = (
					"$(inherited)",
					"@executable_path/Frameworks",
					"@executable_path/../../Frameworks",
				);
				MARKETING_VERSION = 0.1.0;
				PRODUCT_BUNDLE_IDENTIFIER = io.github.bunhine0452.lazymemo.share;
				PRODUCT_NAME = "$(TARGET_NAME)";
				SKIP_INSTALL = YES;
				SWIFT_EMIT_LOC_STRINGS = YES;
				TARGETED_DEVICE_FAMILY = "1,2";
			};
			name = Debug;
		};
		4C4D0000000000000000010B /* Release */ = {
			isa = XCBuildConfiguration;
			buildSettings = {
				CODE_SIGN_ENTITLEMENTS = Config/LazyMemoShare.entitlements;
				CODE_SIGN_STYLE = Automatic;
				CURRENT_PROJECT_VERSION = 1;
				DEVELOPMENT_TEAM = BP57Z7L498;
				GENERATE_INFOPLIST_FILE = YES;
				INFOPLIST_FILE = "Config/Share-Info.plist";
				INFOPLIST_KEY_CFBundleDisplayName = "lazymemo 에 적기";
				LD_RUNPATH_SEARCH_PATHS = (
					"$(inherited)",
					"@executable_path/Frameworks",
					"@executable_path/../../Frameworks",
				);
				MARKETING_VERSION = 0.1.0;
				PRODUCT_BUNDLE_IDENTIFIER = io.github.bunhine0452.lazymemo.share;
				PRODUCT_NAME = "$(TARGET_NAME)";
				SKIP_INSTALL = YES;
				SWIFT_EMIT_LOC_STRINGS = YES;
				TARGETED_DEVICE_FAMILY = "1,2";
			};
			name = Release;
		};
/* End XCBuildConfiguration section */

/* Begin XCConfigurationList section */
		4C4D000000000000000000D1 /* Build configuration list for PBXProject "LazyMemo" */ = {
			isa = XCConfigurationList;
			buildConfigurations = (
				4C4D000000000000000000D2 /* Debug */,
				4C4D000000000000000000D3 /* Release */,
			);
			defaultConfigurationIsVisible = 0;
			defaultConfigurationName = Release;
		};
		4C4D000000000000000000D4 /* Build configuration list for PBXNativeTarget "LazyMemo-iOS" */ = {
			isa = XCConfigurationList;
			buildConfigurations = (
				4C4D000000000000000000D5 /* Debug */,
				4C4D000000000000000000D6 /* Release */,
			);
			defaultConfigurationIsVisible = 0;
			defaultConfigurationName = Release;
		};
		4C4D000000000000000000E9 /* Build configuration list for PBXNativeTarget "LazyMemoUITests" */ = {
			isa = XCConfigurationList;
			buildConfigurations = (
				4C4D000000000000000000EB /* Debug */,
				4C4D000000000000000000EC /* Release */,
			);
			defaultConfigurationIsVisible = 0;
			defaultConfigurationName = Release;
		};
		4C4D000000000000000000FC /* Build configuration list for PBXNativeTarget "LazyMemoShare" */ = {
			isa = XCConfigurationList;
			buildConfigurations = (
				4C4D0000000000000000010A /* Debug */,
				4C4D0000000000000000010B /* Release */,
			);
			defaultConfigurationIsVisible = 0;
			defaultConfigurationName = Release;
		};
/* End XCConfigurationList section */

/* Begin XCLocalSwiftPackageReference section */
		4C4D000000000000000000C1 /* XCLocalSwiftPackageReference ".." */ = {
			isa = XCLocalSwiftPackageReference;
			relativePath = ..;
		};
/* End XCLocalSwiftPackageReference section */

/* Begin XCSwiftPackageProductDependency section */
		4C4D000000000000000000F4 /* LazyMemoCore */ = {
			isa = XCSwiftPackageProductDependency;
			productName = LazyMemoCore;
		};
		4C4D000000000000000000C2 /* LazyMemoCore */ = {
			isa = XCSwiftPackageProductDependency;
			productName = LazyMemoCore;
		};
/* End XCSwiftPackageProductDependency section */
	};
	rootObject = 4C4D000000000000000000A1 /* Project object */;
}
