<?xml version="1.0" encoding="UTF-8"?>
<!--
  LazyMemoCore 만 시험하는 스킴. 자동 생성되는 「LazyMemo-Package」 스킴은
  AppKit 에 기대는 LazyMemoUITests 까지 끌고 와 iOS 대상으로는 지어지지 않는다.
  Core 를 iOS 시뮬레이터에서 시험하려면 이 스킴이어야 한다:
    xcodebuild test -scheme LazyMemoCoreTests -destination 'platform=iOS Simulator,name=iPhone 17'
-->
<Scheme LastUpgradeVersion="2600" version="1.7">
   <BuildAction parallelizeBuildables="YES" buildImplicitDependencies="YES">
      <BuildActionEntries>
         <BuildActionEntry buildForTesting="YES" buildForRunning="YES" buildForProfiling="YES" buildForArchiving="YES" buildForAnalyzing="YES">
            <BuildableReference BuildableIdentifier="primary" BlueprintIdentifier="LazyMemoCore" BuildableName="LazyMemoCore" BlueprintName="LazyMemoCore" ReferencedContainer="container:"/>
         </BuildActionEntry>
      </BuildActionEntries>
   </BuildAction>
   <TestAction buildConfiguration="Debug" selectedDebuggerIdentifier="Xcode.DebuggerFoundation.Debugger.LLDB" selectedLauncherIdentifier="Xcode.DebuggerFoundation.Launcher.LLDB" shouldUseLaunchSchemeArgsEnv="YES">
      <Testables>
         <TestableReference skipped="NO">
            <BuildableReference BuildableIdentifier="primary" BlueprintIdentifier="LazyMemoCoreTests" BuildableName="LazyMemoCoreTests" BlueprintName="LazyMemoCoreTests" ReferencedContainer="container:"/>
         </TestableReference>
      </Testables>
   </TestAction>
   <LaunchAction buildConfiguration="Debug" selectedDebuggerIdentifier="Xcode.DebuggerFoundation.Debugger.LLDB" selectedLauncherIdentifier="Xcode.DebuggerFoundation.Launcher.LLDB" launchStyle="0" useCustomWorkingDirectory="NO" ignoresPersistentStateOnLaunch="NO" debugDocumentVersioning="YES" debugServiceExtension="internal" allowLocationSimulation="YES"/>
   <ProfileAction buildConfiguration="Release" shouldUseLaunchSchemeArgsEnv="YES" savedToolIdentifier="" useCustomWorkingDirectory="NO" debugDocumentVersioning="YES"/>
   <AnalyzeAction buildConfiguration="Debug"/>
   <ArchiveAction buildConfiguration="Release" revealArchiveInOrganizer="YES"/>
</Scheme>
